// !$*UTF8*$!
{
	archiveVersion = 1;
	classes = {
	};
	objectVersion = 55;
	objects = {

/* Begin PBXBuildFile section */
		452F5516280F988900311B55 /* AppDelegate.swift in Sources */ = {isa = PBXBuildFile; fileRef = 452F5515280F988900311B55 /* AppDelegate.swift */; };
		452F5518280F988900311B55 /* SceneDelegate.swift in Sources */ = {isa = PBXBuildFile; fileRef = 452F5517280F988900311B55 /* SceneDelegate.swift */; };
		452F551A280F988900311B55 /* SignUpVC.swift in Sources */ = {isa = PBXBuildFile; fileRef = 452F5519280F988900311B55 /* SignUpVC.swift */; };
		452F551D280F988900311B55 /* Main.storyboard in Resources */ = {isa = PBXBuildFile; fileRef = 452F551B280F988900311B55 /* Main.storyboard */; };
		452F551F280F988B00311B55 /* Assets.xcassets in Resources */ = {isa = PBXBuildFile; fileRef = 452F551E280F988B00311B55 /* Assets.xcassets */; };
		452F5522280F988B00311B55 /* LaunchScreen.storyboard in Resources */ = {isa = PBXBuildFile; fileRef = 452F5520280F988B00311B55 /* LaunchScreen.storyboard */; };
		45B2382628103ACD00A93AAC /* LogInVC.swift in Sources */ = {isa = PBXBuildFile; fileRef = 45B2382528103ACD00A93AAC /* LogInVC.swift */; };
		45B2382828103B8600A93AAC /* ProfileVC.swift in Sources */ = {isa = PBXBuildFile; fileRef = 45B2382728103B8600A93AAC /* ProfileVC.swift */; };
		45EE39F52814413700DFDCFA /* String+Trimmed.swift in Sources */ = {isa = PBXBuildFile; fileRef = 45EE39F42814413700DFDCFA /* String+Trimmed.swift */; };
		45EE39F92814462800DFDCFA /* String+IsNotEmpty.swift in Sources */ = {isa = PBXBuildFile; fileRef = 45EE39F82814462800DFDCFA /* String+IsNotEmpty.swift */; };
		45EE39FF28159E1700DFDCFA /* String+IsValidPassword.swift in Sources */ = {isa = PBXBuildFile; fileRef = 45EE39FE28159E1700DFDCFA /* String+IsValidPassword.swift */; };
		45EE3A032815ADD000DFDCFA /* String+isValidEmail.swift in Sources */ = {isa = PBXBuildFile; fileRef = 45EE3A022815ADD000DFDCFA /* String+isValidEmail.swift */; };
		45EE3A052816EB2400DFDCFA /* User.swift in Sources */ = {isa = PBXBuildFile; fileRef = 45EE3A042816EB2400DFDCFA /* User.swift */; };
		45EE3A072818281D00DFDCFA /* UIViewController+showAlert.swift in Sources */ = {isa = PBXBuildFile; fileRef = 45EE3A062818281D00DFDCFA /* UIViewController+showAlert.swift */; };
		45EE3A092819830200DFDCFA /* UINavigationController+completionHandler.swift in Sources */ = {isa = PBXBuildFile; fileRef = 45EE3A082819830200DFDCFA /* UINavigationController+completionHandler.swift */; };
/* End PBXBuildFile section */

/* Begin PBXFileReference section */
		452F5512280F988900311B55 /* AuthenticationApp.app */ = {isa = PBXFileReference; explicitFileType = wrapper.application; includeInIndex = 0; path = AuthenticationApp.app; sourceTree = BUILT_PRODUCTS_DIR; };
		452F5515280F988900311B55 /* AppDelegate.swift */ = {isa = PBXFileReference; lastKnownFileType = sourcecode.swift; path = AppDelegate.swift; sourceTree = "<group>"; };
		452F5517280F988900311B55 /* SceneDelegate.swift */ = {isa = PBXFileReference; lastKnownFileType = sourcecode.swift; path = SceneDelegate.swift; sourceTree = "<group>"; };
		452F5519280F988900311B55 /* SignUpVC.swift */ = {isa = PBXFileReference; lastKnownFileType = sourcecode.swift; path = SignUpVC.swift; sourceTree = "<group>"; };
		452F551C280F988900311B55 /* Base */ = {isa = PBXFileReference; lastKnownFileType = file.storyboard; name = Base; path = Base.lproj/Main.storyboard; sourceTree = "<group>"; };
		452F551E280F988B00311B55 /* Assets.xcassets */ = {isa = PBXFileReference; lastKnownFileType = folder.assetcatalog; path = Assets.xcassets; sourceTree = "<group>"; };
		452F5521280F988B00311B55 /* Base */ = {isa = PBXFileReference; lastKnownFileType = file.storyboard; name = Base; path = Base.lproj/LaunchScreen.storyboard; sourceTree = "<group>"; };
		452F5523280F988B00311B55 /* Info.plist */ = {isa = PBXFileReference; lastKnownFileType = text.plist.xml; path = Info.plist; sourceTree = "<group>"; };
		45B2382528103ACD00A93AAC /* LogInVC.swift */ = {isa = PBXFileReference; lastKnownFileType = sourcecode.swift; path = LogInVC.swift; sourceTree = "<group>"; };
		45B2382728103B8600A93AAC /* ProfileVC.swift */ = {isa = PBXFileReference; lastKnownFileType = sourcecode.swift; path = ProfileVC.swift; sourceTree = "<group>"; };
		45EE39F42814413700DFDCFA /* String+Trimmed.swift */ = {isa = PBXFileReference; lastKnownFileType = sourcecode.swift; path = "String+Trimmed.swift"; sourceTree = "<group>"; };
		45EE39F82814462800DFDCFA /* String+IsNotEmpty.swift */ = {isa = PBXFileReference; lastKnownFileType = sourcecode.swift; path = "String+IsNotEmpty.swift"; sourceTree = "<group>"; };
		45EE39FE28159E1700DFDCFA /* String+IsValidPassword.swift */ = {isa = PBXFileReference; lastKnownFileType = sourcecode.swift; path = "String+IsValidPassword.swift"; sourceTree = "<group>"; };
		45EE3A022815ADD000DFDCFA /* String+isValidEmail.swift */ = {isa = PBXFileReference; lastKnownFileType = sourcecode.swift; path = "String+isValidEmail.swift"; sourceTree = "<group>"; };
		45EE3A042816EB2400DFDCFA /* User.swift */ = {isa = PBXFileReference; lastKnownFileType = sourcecode.swift; path = User.swift; sourceTree = "<group>"; };
		45EE3A062818281D00DFDCFA /* UIViewController+showAlert.swift */ = {isa = PBXFileReference; lastKnownFileType = sourcecode.swift; path = "UIViewController+showAlert.swift"; sourceTree = "<group>"; };
		45EE3A082819830200DFDCFA /* UINavigationController+completionHandler.swift */ = {isa = PBXFileReference; lastKnownFileType = sourcecode.swift; path = "UINavigationController+completionHandler.swift"; sourceTree = "<group>"; };
/* End PBXFileReference section */

/* Begin PBXFrameworksBuildPhase section */
		452F550F280F988900311B55 /* Frameworks */ = {
			isa = PBXFrameworksBuildPhase;
			buildActionMask = 2147483647;
			files = (
			);
			runOnlyForDeploymentPostprocessing = 0;
		};
/* End PBXFrameworksBuildPhase section */

/* Begin PBXGroup section */
		452F5509280F988900311B55 = {
			isa = PBXGroup;
			children = (
				452F5514280F988900311B55 /* AuthenticationApp */,
				452F5513280F988900311B55 /* Products */,
			);
			sourceTree = "<group>";
		};
		452F5513280F988900311B55 /* Products */ = {
			isa = PBXGroup;
			children = (
				452F5512280F988900311B55 /* AuthenticationApp.app */,
			);
			name = Products;
			sourceTree = "<group>";
		};
		452F5514280F988900311B55 /* AuthenticationApp */ = {
			isa = PBXGroup;
			children = (
				452F5515280F988900311B55 /* AppDelegate.swift */,
				452F5517280F988900311B55 /* SceneDelegate.swift */,
				45EE39F3281440DC00DFDCFA /* Extensions */,
				45B2FAA02836B0EE00604531 /* Controller */,
				45B2FAA12836B10600604531 /* View */,
				452F551E280F988B00311B55 /* Assets.xcassets */,
				452F5520280F988B00311B55 /* LaunchScreen.storyboard */,
				452F5523280F988B00311B55 /* Info.plist */,
			);
			path = AuthenticationApp;
			sourceTree = "<group>";
		};
		45B2FA9E2836B0BC00604531 /* Model */ = {
			isa = PBXGroup;
			children = (
				45EE3A042816EB2400DFDCFA /* User.swift */,
			);
			path = Model;
			sourceTree = "<group>";
		};
		45B2FAA02836B0EE00604531 /* Controller */ = {
			isa = PBXGroup;
			children = (
				452F5519280F988900311B55 /* SignUpVC.swift */,
				45B2382528103ACD00A93AAC /* LogInVC.swift */,
				45B2382728103B8600A93AAC /* ProfileVC.swift */,
			);
			path = Controller;
			sourceTree = "<group>";
		};
		45B2FAA12836B10600604531 /* View */ = {
			isa = PBXGroup;
			children = (
				452F551B280F988900311B55 /* Main.storyboard */,
			);
			path = View;
			sourceTree = "<group>";
		};
		45EE39F3281440DC00DFDCFA /* Extensions */ = {
			isa = PBXGroup;
			children = (
				45EE39F42814413700DFDCFA /* String+Trimmed.swift */,
				45EE39F82814462800DFDCFA /* String+IsNotEmpty.swift */,
				45EE39FE28159E1700DFDCFA /* String+IsValidPassword.swift */,
				45EE3A022815ADD000DFDCFA /* String+isValidEmail.swift */,
				45EE3A062818281D00DFDCFA /* UIViewController+showAlert.swift */,
				45EE3A082819830200DFDCFA /* UINavigationController+completionHandler.swift */,
				45B2FA9E2836B0BC00604531 /* Model */,
			);
			path = Extensions;
			sourceTree = "<group>";
		};
/* End PBXGroup section */

/* Begin PBXNativeTarget section */
		452F5511280F988900311B55 /* AuthenticationApp */ = {
			isa = PBXNativeTarget;
			buildConfigurationList = 452F5526280F988B00311B55 /* Build configuration list for PBXNativeTarget "AuthenticationApp" */;
			buildPhases = (
				452F550E280F988900311B55 /* Sources */,
				452F550F280F988900311B55 /* Frameworks */,
				452F5510280F988900311B55 /* Resources */,
			);
			buildRules = (
			);
			dependencies = (
			);
			name = AuthenticationApp;
			productName = AuthenticationApp;
			productReference = 452F5512280F988900311B55 /* AuthenticationApp.app */;
			productType = "com.apple.product-type.application";
		};
/* End PBXNativeTarget section */

/* Begin PBXProject section */
		452F550A280F988900311B55 /* Project object */ = {
			isa = PBXProject;
			attributes = {
				BuildIndependentTargetsInParallel = 1;
				LastSwiftUpdateCheck = 1310;
				LastUpgradeCheck = 1310;
				TargetAttributes = {
					452F5511280F988900311B55 = {
						CreatedOnToolsVersion = 13.1;
					};
				};
			};
			buildConfigurationList = 452F550D280F988900311B55 /* Build configuration list for PBXProject "AuthenticationApp" */;
			compatibilityVersion = "Xcode 13.0";
			developmentRegion = en;
			hasScannedForEncodings = 0;
			knownRegions = (
				en,
				Base,
			);
			mainGroup = 452F5509280F988900311B55;
			productRefGroup = 452F5513280F988900311B55 /* Products */;
			projectDirPath = "";
			projectRoot = "";
			targets = (
				452F5511280F988900311B55 /* AuthenticationApp */,
			);
		};
/* End PBXProject section */

/* Begin PBXResourcesBuildPhase section */
		452F5510280F988900311B55 /* Resources */ = {
			isa = PBXResourcesBuildPhase;
			buildActionMask = 2147483647;
			files = (
				452F5522280F988B00311B55 /* LaunchScreen.storyboard in Resources */,
				452F551F280F988B00311B55 /* Assets.xcassets in Resources */,
				452F551D280F988900311B55 /* Main.storyboard in Resources */,
			);
			runOnlyForDeploymentPostprocessing = 0;
		};
/* End PBXResourcesBuildPhase section */

/* Begin PBXSourcesBuildPhase section */
		452F550E280F988900311B55 /* Sources */ = {
			isa = PBXSourcesBuildPhase;
			buildActionMask = 2147483647;
			files = (
				45EE3A052816EB2400DFDCFA /* User.swift in Sources */,
				452F551A280F988900311B55 /* SignUpVC.swift in Sources */,
				45EE3A092819830200DFDCFA /* UINavigationController+completionHandler.swift in Sources */,
				45EE3A072818281D00DFDCFA /* UIViewController+showAlert.swift in Sources */,
				45EE39FF28159E1700DFDCFA /* String+IsValidPassword.swift in Sources */,
				45B2382828103B8600A93AAC /* ProfileVC.swift in Sources */,
				452F5516280F988900311B55 /* AppDelegate.swift in Sources */,
				45EE39F52814413700DFDCFA /* String+Trimmed.swift in Sources */,
				45B2382628103ACD00A93AAC /* LogInVC.swift in Sources */,
				45EE3A032815ADD000DFDCFA /* String+isValidEmail.swift in Sources */,
				452F5518280F988900311B55 /* SceneDelegate.swift in Sources */,
				45EE39F92814462800DFDCFA /* String+IsNotEmpty.swift in Sources */,
			);
			runOnlyForDeploymentPostprocessing = 0;
		};
/* End PBXSourcesBuildPhase section */

/* Begin PBXVariantGroup section */
		452F551B280F988900311B55 /* Main.storyboard */ = {
			isa = PBXVariantGroup;
			children = (
				452F551C280F988900311B55 /* Base */,
			);
			name = Main.storyboard;
			sourceTree = "<group>";
		};
		452F5520280F988B00311B55 /* LaunchScreen.storyboard */ = {
			isa = PBXVariantGroup;
			children = (
				452F5521280F988B00311B55 /* Base */,
			);
			name = LaunchScreen.storyboard;
			sourceTree = "<group>";
		};
/* End PBXVariantGroup section */

/* Begin XCBuildConfiguration section */
		452F5524280F988B00311B55 /* Debug */ = {
			isa = XCBuildConfiguration;
			buildSettings = {
				ALWAYS_SEARCH_USER_PATHS = NO;
				CLANG_ANALYZER_NONNULL = YES;
				CLANG_ANALYZER_NUMBER_OBJECT_CONVERSION = YES_AGGRESSIVE;
				CLANG_CXX_LANGUAGE_STANDARD = "gnu++17";
				CLANG_CXX_LIBRARY = "libc++";
				CLANG_ENABLE_MODULES = YES;
				CLANG_ENABLE_OBJC_ARC = YES;
				CLANG_ENABLE_OBJC_WEAK = YES;
				CLANG_WARN_BLOCK_CAPTURE_AUTORELEASING = YES;
				CLANG_WARN_BOOL_CONVERSION = YES;
				CLANG_WARN_COMMA = YES;
				CLANG_WARN_CONSTANT_CONVERSION = YES;
				CLANG_WARN_DEPRECATED_OBJC_IMPLEMENTATIONS = YES;
				CLANG_WARN_DIRECT_OBJC_ISA_USAGE = YES_ERROR;
				CLANG_WARN_DOCUMENTATION_COMMENTS = YES;
				CLANG_WARN_EMPTY_BODY = YES;
				CLANG_WARN_ENUM_CONVERSION = YES;
				CLANG_WARN_INFINITE_RECURSION = YES;
				CLANG_WARN_INT_CONVERSION = YES;
				CLANG_WARN_NON_LITERAL_NULL_CONVERSION = YES;
				CLANG_WARN_OBJC_IMPLICIT_RETAIN_SELF = YES;
				CLANG_WARN_OBJC_LITERAL_CONVERSION = YES;
				CLANG_WARN_OBJC_ROOT_CLASS = YES_ERROR;
				CLANG_WARN_QUOTED_INCLUDE_IN_FRAMEWORK_HEADER = YES;
				CLANG_WARN_RANGE_LOOP_ANALYSIS = YES;
				CLANG_WARN_STRICT_PROTOTYPES = YES;
				CLANG_WARN_SUSPICIOUS_MOVE = YES;
				CLANG_WARN_UNGUARDED_AVAILABILITY = YES_AGGRESSIVE;
				CLANG_WARN_UNREACHABLE_CODE = YES;
				CLANG_WARN__DUPLICATE_METHOD_MATCH = YES;
				COPY_PHASE_STRIP = NO;
				DEBUG_INFORMATION_FORMAT = dwarf;
				ENABLE_STRICT_OBJC_MSGSEND = YES;
				ENABLE_TESTABILITY = YES;
				GCC_C_LANGUAGE_STANDARD = gnu11;
				GCC_DYNAMIC_NO_PIC = NO;
				GCC_NO_COMMON_BLOCKS = YES;
				GCC_OPTIMIZATION_LEVEL = 0;
				GCC_PREPROCESSOR_DEFINITIONS = (
					"DEBUG=1",
					"$(inherited)",
				);
				GCC_WARN_64_TO_32_BIT_CONVERSION = YES;
				GCC_WARN_ABOUT_RETURN_TYPE = YES_ERROR;
				GCC_WARN_UNDECLARED_SELECTOR = YES;
				GCC_WARN_UNINITIALIZED_AUTOS = YES_AGGRESSIVE;
				GCC_WARN_UNUSED_FUNCTION = YES;
				GCC_WARN_UNUSED_VARIABLE = YES;
				IPHONEOS_DEPLOYMENT_TARGET = 15.0;
				MTL_ENABLE_DEBUG_INFO = INCLUDE_SOURCE;
				MTL_FAST_MATH = YES;
				ONLY_ACTIVE_ARCH = YES;
				SDKROOT = iphoneos;
				SWIFT_ACTIVE_COMPILATION_CONDITIONS = DEBUG;
				SWIFT_OPTIMIZATION_LEVEL = "-Onone";
			};
			name = Debug;
		};
		452F5525280F988B00311B55 /* Release */ = {
			isa = XCBuildConfiguration;
			buildSettings = {
				ALWAYS_SEARCH_USER_PATHS = NO;
				CLANG_ANALYZER_NONNULL = YES;
				CLANG_ANALYZER_NUMBER_OBJECT_CONVERSION = YES_AGGRESSIVE;
				CLANG_CXX_LANGUAGE_STANDARD = "gnu++17";
				CLANG_CXX_LIBRARY = "libc++";
				CLANG_ENABLE_MODULES = YES;
				CLANG_ENABLE_OBJC_ARC = YES;
				CLANG_ENABLE_OBJC_WEAK = YES;
				CLANG_WARN_BLOCK_CAPTURE_AUTORELEASING = YES;
				CLANG_WARN_BOOL_CONVERSION = YES;
				CLANG_WARN_COMMA = YES;
				CLANG_WARN_CONSTANT_CONVERSION = YES;
				CLANG_WARN_DEPRECATED_OBJC_IMPLEMENTATIONS = YES;
				CLANG_WARN_DIRECT_OBJC_ISA_USAGE = YES_ERROR;
				CLANG_WARN_DOCUMENTATION_COMMENTS = YES;
				CLANG_WARN_EMPTY_BODY = YES;
				CLANG_WARN_ENUM_CONVERSION = YES;
				CLANG_WARN_INFINITE_RECURSION = YES;
				CLANG_WARN_INT_CONVERSION = YES;
				CLANG_WARN_NON_LITERAL_NULL_CONVERSION = YES;
				CLANG_WARN_OBJC_IMPLICIT_RETAIN_SELF = YES;
				CLANG_WARN_OBJC_LITERAL_CONVERSION = YES;
				CLANG_WARN_OBJC_ROOT_CLASS = YES_ERROR;
				CLANG_WARN_QUOTED_INCLUDE_IN_FRAMEWORK_HEADER = YES;
				CLANG_WARN_RANGE_LOOP_ANALYSIS = YES;
				CLANG_WARN_STRICT_PROTOTYPES = YES;
				CLANG_WARN_SUSPICIOUS_MOVE = YES;
				CLANG_WARN_UNGUARDED_AVAILABILITY = YES_AGGRESSIVE;
				CLANG_WARN_UNREACHABLE_CODE = YES;
				CLANG_WARN__DUPLICATE_METHOD_MATCH = YES;
				COPY_PHASE_STRIP = NO;
				DEBUG_INFORMATION_FORMAT = "dwarf-with-dsym";
				ENABLE_NS_ASSERTIONS = NO;
				ENABLE_STRICT_OBJC_MSGSEND = YES;
				GCC_C_LANGUAGE_STANDARD = gnu11;
				GCC_NO_COMMON_BLOCKS = YES;
				GCC_WARN_64_TO_32_BIT_CONVERSION = YES;
				GCC_WARN_ABOUT_RETURN_TYPE = YES_ERROR;
				GCC_WARN_UNDECLARED_SELECTOR = YES;
				GCC_WARN_UNINITIALIZED_AUTOS = YES_AGGRESSIVE;
				GCC_WARN_UNUSED_FUNCTION = YES;
				GCC_WARN_UNUSED_VARIABLE = YES;
				IPHONEOS_DEPLOYMENT_TARGET = 15.0;
				MTL_ENABLE_DEBUG_INFO = NO;
				MTL_FAST_MATH = YES;
				SDKROOT = iphoneos;
				SWIFT_COMPILATION_MODE = wholemodule;
				SWIFT_OPTIMIZATION_LEVEL = "-O";
				VALIDATE_PRODUCT = YES;
			};
			name = Release;
		};
		452F5527280F988B00311B55 /* Debug */ = {
			isa = XCBuildConfiguration;
			buildSettings = {
				ASSETCATALOG_COMPILER_APPICON_NAME = AppIcon;
				ASSETCATALOG_COMPILER_GLOBAL_ACCENT_COLOR_NAME = AccentColor;
				CODE_SIGN_STYLE = Automatic;
				CURRENT_PROJECT_VERSION = 1;
				GENERATE_INFOPLIST_FILE = YES;
				INFOPLIST_FILE = AuthenticationApp/Info.plist;
				INFOPLIST_KEY_CFBundleDisplayName = "Auth App";
				INFOPLIST_KEY_UIApplicationSupportsIndirectInputEvents = YES;
				INFOPLIST_KEY_UILaunchStoryboardName = LaunchScreen;
				INFOPLIST_KEY_UIMainStoryboardFile = Main;
				INFOPLIST_KEY_UISupportedInterfaceOrientations_iPad = "UIInterfaceOrientationPortrait UIInterfaceOrientationPortraitUpsideDown UIInterfaceOrientationLandscapeLeft UIInterfaceOrientationLandscapeRight";
				INFOPLIST_KEY_UISupportedInterfaceOrientations_iPhone = "UIInterfaceOrientationPortrait UIInterfaceOrientationLandscapeLeft UIInterfaceOrientationLandscapeRight";
				LD_RUNPATH_SEARCH_PATHS = (
					"$(inherited)",
					"@executable_path/Frameworks",
				);
				MARKETING_VERSION = 1.0;
				PRODUCT_BUNDLE_IDENTIFIER = "moko-corp.AuthenticationApp";
				PRODUCT_NAME = "$(TARGET_NAME)";
				SWIFT_EMIT_LOC_STRINGS = YES;
				SWIFT_VERSION = 5.0;
				TARGETED_DEVICE_FAMILY = 1;
			};
			name = Debug;
		};
		452F5528280F988B00311B55 /* Release */ = {
			isa = XCBuildConfiguration;
			buildSettings = {
				ASSETCATALOG_COMPILER_APPICON_NAME = AppIcon;
				ASSETCATALOG_COMPILER_GLOBAL_ACCENT_COLOR_NAME = AccentColor;
				CODE_SIGN_STYLE = Automatic;
				CURRENT_PROJECT_VERSION = 1;
				GENERATE_INFOPLIST_FILE = YES;
				INFOPLIST_FILE = AuthenticationApp/Info.plist;
				INFOPLIST_KEY_CFBundleDisplayName = "Auth App";
				INFOPLIST_KEY_UIApplicationSupportsIndirectInputEvents = YES;
				INFOPLIST_KEY_UILaunchStoryboardName = LaunchScreen;
				INFOPLIST_KEY_UIMainStoryboardFile = Main;
				INFOPLIST_KEY_UISupportedInterfaceOrientations_iPad = "UIInterfaceOrientationPortrait UIInterfaceOrientationPortraitUpsideDown UIInterfaceOrientationLandscapeLeft UIInterfaceOrientationLandscapeRight";
				INFOPLIST_KEY_UISupportedInterfaceOrientations_iPhone = "UIInterfaceOrientationPortrait UIInterfaceOrientationLandscapeLeft UIInterfaceOrientationLandscapeRight";
				LD_RUNPATH_SEARCH_PATHS = (
					"$(inherited)",
					"@executable_path/Frameworks",
				);
				MARKETING_VERSION = 1.0;
				PRODUCT_BUNDLE_IDENTIFIER = "moko-corp.AuthenticationApp";
				PRODUCT_NAME = "$(TARGET_NAME)";
				SWIFT_EMIT_LOC_STRINGS = YES;
				SWIFT_VERSION = 5.0;
				TARGETED_DEVICE_FAMILY = 1;
			};
			name = Release;
		};
/* End XCBuildConfiguration section */

/* Begin XCConfigurationList section */
		452F550D280F988900311B55 /* Build configuration list for PBXProject "AuthenticationApp" */ = {
			isa = XCConfigurationList;
			buildConfigurations = (
				452F5524280F988B00311B55 /* Debug */,
				452F5525280F988B00311B55 /* Release */,
			);
			defaultConfigurationIsVisible = 0;
			defaultConfigurationName = Release;
		};
		452F5526280F988B00311B55 /* Build configuration list for PBXNativeTarget "AuthenticationApp" */ = {
			isa = XCConfigurationList;
			buildConfigurations = (
				452F5527280F988B00311B55 /* Debug */,
				452F5528280F988B00311B55 /* Release */,
			);
			defaultConfigurationIsVisible = 0;
			defaultConfigurationName = Release;
		};
/* End XCConfigurationList section */
	};
	rootObject = 452F550A280F988900311B55 /* Project object */;
}
